
Microsoft Visual Studio Solution File, Format Version 12.00
# Visual Studio 15
VisualStudioVersion = 15.0.27703.2000
MinimumVisualStudioVersion = 10.0.40219.1
Project("{888888A0-9F3D-457C-B088-3A5042F75D52}") = "CoinWatchWebApp", "CoinWatchWebApp\CoinWatchWebApp.pyproj", "{2A7FC80B-4016-4046-BD23-9546FA885B55}"
EndProject
Global
	GlobalSection(SolutionConfigurationPlatforms) = preSolution
		Debug|Any CPU = Debug|Any CPU
		Release|Any CPU = Release|Any CPU
	EndGlobalSection
	GlobalSection(ProjectConfigurationPlatforms) = postSolution
		{2A7FC80B-4016-4046-BD23-9546FA885B55}.Debug|Any CPU.ActiveCfg = Debug|Any CPU
		{2A7FC80B-4016-4046-BD23-9546FA885B55}.Debug|Any CPU.Build.0 = Debug|Any CPU
		{2A7FC80B-4016-4046-BD23-9546FA885B55}.Release|Any CPU.ActiveCfg = Release|Any CPU
		{2A7FC80B-4016-4046-BD23-9546FA885B55}.Release|Any CPU.Build.0 = Release|Any CPU
	EndGlobalSection
	GlobalSection(SolutionProperties) = preSolution
		HideSolutionNode = FALSE
	EndGlobalSection
	GlobalSection(ExtensibilityGlobals) = postSolution
		SolutionGuid = {0FADE58F-0529-44A4-BE0F-2124FCA19659}
	EndGlobalSection
EndGlobal
